
Microsoft Visual Studio Solution File, Format Version 12.00
# Visual Studio Version 17
VisualStudioVersion = 17.3.32901.215
MinimumVisualStudioVersion = 10.0.40219.1
Project("{FAE04EC0-301F-11D3-BF4B-00C04F79EFBC}") = "SnowAudit", "Snow Audits 3.1\SnowAudit.csproj", "{718A9150-02D9-42FA-8B8C-C951419E43AB}"
EndProject
Global
	GlobalSection(SolutionConfigurationPlatforms) = preSolution
		Debug|Any CPU = Debug|Any CPU
		Release|Any CPU = Release|Any CPU
	EndGlobalSection
	GlobalSection(ProjectConfigurationPlatforms) = postSolution
		{718A9150-02D9-42FA-8B8C-C951419E43AB}.Debug|Any CPU.ActiveCfg = Debug|Any CPU
		{718A9150-02D9-42FA-8B8C-C951419E43AB}.Debug|Any CPU.Build.0 = Debug|Any CPU
		{718A9150-02D9-42FA-8B8C-C951419E43AB}.Release|Any CPU.ActiveCfg = Release|Any CPU
		{718A9150-02D9-42FA-8B8C-C951419E43AB}.Release|Any CPU.Build.0 = Release|Any CPU
	EndGlobalSection
	GlobalSection(SolutionProperties) = preSolution
		HideSolutionNode = FALSE
	EndGlobalSection
	GlobalSection(ExtensibilityGlobals) = postSolution
		SolutionGuid = {90B58AA0-94E5-429E-92E4-38B84012464B}
	EndGlobalSection
EndGlobal
